
Microsoft Visual Studio Solution File, Format Version 11.00
# Visual Studio 2010
Project("{FAE04EC0-301F-11D3-BF4B-00C04F79EFBC}") = "Missing.NET", "Missing.NET\Missing.NET.csproj", "{8DE365BB-1D9E-450B-ACDC-0269BD5441AF}"
EndProject
Project("{FAE04EC0-301F-11D3-BF4B-00C04F79EFBC}") = "Missing.NET.Test", "Missing.NET.Test\Missing.NET.Test.csproj", "{A5E2A6BE-3568-4E12-85A7-3710E2E67440}"
EndProject
Global
	GlobalSection(SolutionConfigurationPlatforms) = preSolution
		Debug|Any CPU = Debug|Any CPU
		Release|Any CPU = Release|Any CPU
	EndGlobalSection
	GlobalSection(ProjectConfigurationPlatforms) = postSolution
		{8DE365BB-1D9E-450B-ACDC-0269BD5441AF}.Debug|Any CPU.ActiveCfg = Debug|Any CPU
		{8DE365BB-1D9E-450B-ACDC-0269BD5441AF}.Debug|Any CPU.Build.0 = Debug|Any CPU
		{8DE365BB-1D9E-450B-ACDC-0269BD5441AF}.Release|Any CPU.ActiveCfg = Release|Any CPU
		{8DE365BB-1D9E-450B-ACDC-0269BD5441AF}.Release|Any CPU.Build.0 = Release|Any CPU
		{A5E2A6BE-3568-4E12-85A7-3710E2E67440}.Debug|Any CPU.ActiveCfg = Debug|Any CPU
		{A5E2A6BE-3568-4E12-85A7-3710E2E67440}.Debug|Any CPU.Build.0 = Debug|Any CPU
		{A5E2A6BE-3568-4E12-85A7-3710E2E67440}.Release|Any CPU.ActiveCfg = Release|Any CPU
		{A5E2A6BE-3568-4E12-85A7-3710E2E67440}.Release|Any CPU.Build.0 = Release|Any CPU
	EndGlobalSection
	GlobalSection(SolutionProperties) = preSolution
		HideSolutionNode = FALSE
	EndGlobalSection
EndGlobal
